
Microsoft Visual Studio Solution File, Format Version 12.00
# Visual Studio 2012
Project("{FAE04EC0-301F-11D3-BF4B-00C04F79EFBC}") = "DersII-IO", "DersII-IO\DersII-IO.csproj", "{358F49E4-F202-4080-9DDB-5AA6982E1202}"
EndProject
Global
	GlobalSection(SolutionConfigurationPlatforms) = preSolution
		Debug|Any CPU = Debug|Any CPU
		Release|Any CPU = Release|Any CPU
	EndGlobalSection
	GlobalSection(ProjectConfigurationPlatforms) = postSolution
		{358F49E4-F202-4080-9DDB-5AA6982E1202}.Debug|Any CPU.ActiveCfg = Debug|Any CPU
		{358F49E4-F202-4080-9DDB-5AA6982E1202}.Debug|Any CPU.Build.0 = Debug|Any CPU
		{358F49E4-F202-4080-9DDB-5AA6982E1202}.Release|Any CPU.ActiveCfg = Release|Any CPU
		{358F49E4-F202-4080-9DDB-5AA6982E1202}.Release|Any CPU.Build.0 = Release|Any CPU
	EndGlobalSection
	GlobalSection(SolutionProperties) = preSolution
		HideSolutionNode = FALSE
	EndGlobalSection
EndGlobal
